// !$*UTF8*$!
{
	archiveVersion = 1;
	classes = {
	};
	objectVersion = 56;
	objects = {

/* Begin PBXBuildFile section */
		5320AA432C4594E20047A40F /* WorkoutStartedViewModel.swift in Sources */ = {isa = PBXBuildFile; fileRef = 5320AA422C4594E20047A40F /* WorkoutStartedViewModel.swift */; };
		53A28C952C38500A00530B5F /* WorkoutPlansView.swift in Sources */ = {isa = PBXBuildFile; fileRef = 53A28C942C38500A00530B5F /* WorkoutPlansView.swift */; };
		53EB001A2C3C6859001E7C15 /* WorkoutStartedView.swift in Sources */ = {isa = PBXBuildFile; fileRef = 53EB00192C3C6859001E7C15 /* WorkoutStartedView.swift */; };
		F50097742C3D56C600D799C4 /* AuthViewModel.swift in Sources */ = {isa = PBXBuildFile; fileRef = F50097732C3D56C600D799C4 /* AuthViewModel.swift */; };
		F50097762C3D575D00D799C4 /* AuthState.swift in Sources */ = {isa = PBXBuildFile; fileRef = F50097752C3D575D00D799C4 /* AuthState.swift */; };
		F50097792C3D701D00D799C4 /* Debounce.swift in Sources */ = {isa = PBXBuildFile; fileRef = F50097782C3D701D00D799C4 /* Debounce.swift */; };
		F500977D2C3D7AC300D799C4 /* SignUpViewModel.swift in Sources */ = {isa = PBXBuildFile; fileRef = F500977C2C3D7AC300D799C4 /* SignUpViewModel.swift */; };
		F50D80F82C429AD90061366E /* ChallengesViewModel.swift in Sources */ = {isa = PBXBuildFile; fileRef = F50D80F72C429AD90061366E /* ChallengesViewModel.swift */; };
		F50D80FA2C429EBB0061366E /* ErrorView.swift in Sources */ = {isa = PBXBuildFile; fileRef = F50D80F92C429EBB0061366E /* ErrorView.swift */; };
		F5379E4C2C3993F20054E7A8 /* ChallengeView.swift in Sources */ = {isa = PBXBuildFile; fileRef = F5379E4B2C3993F20054E7A8 /* ChallengeView.swift */; };
		F53B94E62C3E152800C79FAB /* ProfileViewModel.swift in Sources */ = {isa = PBXBuildFile; fileRef = F53B94E52C3E152800C79FAB /* ProfileViewModel.swift */; };
		F53B94E92C3E2C3400C79FAB /* LabeledTextFieldView.swift in Sources */ = {isa = PBXBuildFile; fileRef = F53B94E82C3E2C3400C79FAB /* LabeledTextFieldView.swift */; };
		F53B94EB2C3E2C6200C79FAB /* LoadingButtonView.swift in Sources */ = {isa = PBXBuildFile; fileRef = F53B94EA2C3E2C6200C79FAB /* LoadingButtonView.swift */; };
		F53E848A2C3F89EB0038F82A /* LoaderView.swift in Sources */ = {isa = PBXBuildFile; fileRef = F53E84892C3F89EB0038F82A /* LoaderView.swift */; };
		F5482CD52C3EC21900BA2513 /* Utils.swift in Sources */ = {isa = PBXBuildFile; fileRef = F5482CD42C3EC21900BA2513 /* Utils.swift */; };
		F54B3C532C384B7600171A6F /* ContentView.swift in Sources */ = {isa = PBXBuildFile; fileRef = F54B3C522C384B7600171A6F /* ContentView.swift */; };
		F54B3C552C386A9D00171A6F /* WorkoutPlanFormView.swift in Sources */ = {isa = PBXBuildFile; fileRef = F54B3C542C386A9D00171A6F /* WorkoutPlanFormView.swift */; };
		F54B3C582C386B3A00171A6F /* ChallengeModel.swift in Sources */ = {isa = PBXBuildFile; fileRef = F54B3C572C386B3A00171A6F /* ChallengeModel.swift */; };
		F54B3C5A2C386C3300171A6F /* CustomExercisePlanFormView.swift in Sources */ = {isa = PBXBuildFile; fileRef = F54B3C592C386C3300171A6F /* CustomExercisePlanFormView.swift */; };
		F54B3C5C2C3870BB00171A6F /* ProfileView.swift in Sources */ = {isa = PBXBuildFile; fileRef = F54B3C5B2C3870BB00171A6F /* ProfileView.swift */; };
		F54B3C5E2C387C7D00171A6F /* SummaryChartView.swift in Sources */ = {isa = PBXBuildFile; fileRef = F54B3C5D2C387C7D00171A6F /* SummaryChartView.swift */; };
		F54D32FB2C402D7000B1A6B3 /* SetDetailsViewModel.swift in Sources */ = {isa = PBXBuildFile; fileRef = F54D32FA2C402D7000B1A6B3 /* SetDetailsViewModel.swift */; };
		F54D32FD2C40348A00B1A6B3 /* HTTPClient.swift in Sources */ = {isa = PBXBuildFile; fileRef = F54D32FC2C40348A00B1A6B3 /* HTTPClient.swift */; };
		F54D32FF2C416FF000B1A6B3 /* ChallengeFormViewModel.swift in Sources */ = {isa = PBXBuildFile; fileRef = F54D32FE2C416FF000B1A6B3 /* ChallengeFormViewModel.swift */; };
		F55222622C36CD5E0057C0E5 /* SwetyApp.swift in Sources */ = {isa = PBXBuildFile; fileRef = F55222612C36CD5E0057C0E5 /* SwetyApp.swift */; };
		F55222642C36CD5E0057C0E5 /* HomeView.swift in Sources */ = {isa = PBXBuildFile; fileRef = F55222632C36CD5E0057C0E5 /* HomeView.swift */; };
		F55222662C36CD5F0057C0E5 /* Assets.xcassets in Resources */ = {isa = PBXBuildFile; fileRef = F55222652C36CD5F0057C0E5 /* Assets.xcassets */; };
		F55222692C36CD5F0057C0E5 /* Preview Assets.xcassets in Resources */ = {isa = PBXBuildFile; fileRef = F55222682C36CD5F0057C0E5 /* Preview Assets.xcassets */; };
		F58750102C3EF3A6005A54C5 /* WorkoutPlanFormViewModel.swift in Sources */ = {isa = PBXBuildFile; fileRef = F587500F2C3EF3A6005A54C5 /* WorkoutPlanFormViewModel.swift */; };
		F58750122C3EFCAC005A54C5 /* CustomExercisePlanFormViewModel.swift in Sources */ = {isa = PBXBuildFile; fileRef = F58750112C3EFCAC005A54C5 /* CustomExercisePlanFormViewModel.swift */; };
		F59F2DD82C488E7800EF8707 /* Extensions.swift in Sources */ = {isa = PBXBuildFile; fileRef = F59F2DD72C488E7800EF8707 /* Extensions.swift */; };
		F5AB96F52C49904800C5576D /* AuthModel.swift in Sources */ = {isa = PBXBuildFile; fileRef = F5AB96F42C49904800C5576D /* AuthModel.swift */; };
		F5B5714C2C36D43500062087 /* WorkoutPlanView.swift in Sources */ = {isa = PBXBuildFile; fileRef = F5B5714B2C36D43500062087 /* WorkoutPlanView.swift */; };
		F5B5714E2C36E90400062087 /* ExercisePlanView.swift in Sources */ = {isa = PBXBuildFile; fileRef = F5B5714D2C36E90400062087 /* ExercisePlanView.swift */; };
		F5CF480B2C4D78E900999E09 /* ExercisePlansView.swift in Sources */ = {isa = PBXBuildFile; fileRef = F5CF480A2C4D78E900999E09 /* ExercisePlansView.swift */; };
		F5D4A4062C3962E200E880A7 /* ChallengesView.swift in Sources */ = {isa = PBXBuildFile; fileRef = F5D4A4052C3962E200E880A7 /* ChallengesView.swift */; };
		F5D4A4082C396CCC00E880A7 /* ChallengeFormView.swift in Sources */ = {isa = PBXBuildFile; fileRef = F5D4A4072C396CCC00E880A7 /* ChallengeFormView.swift */; };
		F5D4A40B2C398C0F00E880A7 /* WorkoutModel.swift in Sources */ = {isa = PBXBuildFile; fileRef = F5D4A40A2C398C0F00E880A7 /* WorkoutModel.swift */; };
		F5D4A40F2C398C6E00E880A7 /* ExerciseModel.swift in Sources */ = {isa = PBXBuildFile; fileRef = F5D4A40E2C398C6E00E880A7 /* ExerciseModel.swift */; };
		F5D4A4122C398C9D00E880A7 /* ProfileModel.swift in Sources */ = {isa = PBXBuildFile; fileRef = F5D4A4112C398C9D00E880A7 /* ProfileModel.swift */; };
		F5D91C182C3CE70F004356BC /* AuthView.swift in Sources */ = {isa = PBXBuildFile; fileRef = F5D91C172C3CE70F004356BC /* AuthView.swift */; };
		F5D91C1D2C3CF144004356BC /* SignUpView.swift in Sources */ = {isa = PBXBuildFile; fileRef = F5D91C1C2C3CF144004356BC /* SignUpView.swift */; };
		F5FAE1F02C3F0DE800DC362A /* SetDetailsView.swift in Sources */ = {isa = PBXBuildFile; fileRef = F5FAE1EF2C3F0DE800DC362A /* SetDetailsView.swift */; };
		F5FAE1F22C3F5D5C00DC362A /* WorkoutPlansViewModel.swift in Sources */ = {isa = PBXBuildFile; fileRef = F5FAE1F12C3F5D5C00DC362A /* WorkoutPlansViewModel.swift */; };
/* End PBXBuildFile section */

/* Begin PBXFileReference section */
		5320AA422C4594E20047A40F /* WorkoutStartedViewModel.swift */ = {isa = PBXFileReference; lastKnownFileType = sourcecode.swift; path = WorkoutStartedViewModel.swift; sourceTree = "<group>"; };
		53A28C942C38500A00530B5F /* WorkoutPlansView.swift */ = {isa = PBXFileReference; lastKnownFileType = sourcecode.swift; path = WorkoutPlansView.swift; sourceTree = "<group>"; };
		53EB00192C3C6859001E7C15 /* WorkoutStartedView.swift */ = {isa = PBXFileReference; lastKnownFileType = sourcecode.swift; path = WorkoutStartedView.swift; sourceTree = "<group>"; };
		F50097732C3D56C600D799C4 /* AuthViewModel.swift */ = {isa = PBXFileReference; lastKnownFileType = sourcecode.swift; path = AuthViewModel.swift; sourceTree = "<group>"; };
		F50097752C3D575D00D799C4 /* AuthState.swift */ = {isa = PBXFileReference; lastKnownFileType = sourcecode.swift; path = AuthState.swift; sourceTree = "<group>"; };
		F50097772C3D5ADB00D799C4 /* Swety.entitlements */ = {isa = PBXFileReference; lastKnownFileType = text.plist.entitlements; path = Swety.entitlements; sourceTree = "<group>"; };
		F50097782C3D701D00D799C4 /* Debounce.swift */ = {isa = PBXFileReference; lastKnownFileType = sourcecode.swift; path = Debounce.swift; sourceTree = "<group>"; };
		F500977C2C3D7AC300D799C4 /* SignUpViewModel.swift */ = {isa = PBXFileReference; lastKnownFileType = sourcecode.swift; path = SignUpViewModel.swift; sourceTree = "<group>"; };
		F50D80F72C429AD90061366E /* ChallengesViewModel.swift */ = {isa = PBXFileReference; lastKnownFileType = sourcecode.swift; path = ChallengesViewModel.swift; sourceTree = "<group>"; };
		F50D80F92C429EBB0061366E /* ErrorView.swift */ = {isa = PBXFileReference; lastKnownFileType = sourcecode.swift; path = ErrorView.swift; sourceTree = "<group>"; };
		F5379E4B2C3993F20054E7A8 /* ChallengeView.swift */ = {isa = PBXFileReference; lastKnownFileType = sourcecode.swift; path = ChallengeView.swift; sourceTree = "<group>"; };
		F53B94E52C3E152800C79FAB /* ProfileViewModel.swift */ = {isa = PBXFileReference; lastKnownFileType = sourcecode.swift; path = ProfileViewModel.swift; sourceTree = "<group>"; };
		F53B94E82C3E2C3400C79FAB /* LabeledTextFieldView.swift */ = {isa = PBXFileReference; lastKnownFileType = sourcecode.swift; path = LabeledTextFieldView.swift; sourceTree = "<group>"; };
		F53B94EA2C3E2C6200C79FAB /* LoadingButtonView.swift */ = {isa = PBXFileReference; lastKnownFileType = sourcecode.swift; path = LoadingButtonView.swift; sourceTree = "<group>"; };
		F53E84892C3F89EB0038F82A /* LoaderView.swift */ = {isa = PBXFileReference; lastKnownFileType = sourcecode.swift; path = LoaderView.swift; sourceTree = "<group>"; };
		F5482CD42C3EC21900BA2513 /* Utils.swift */ = {isa = PBXFileReference; lastKnownFileType = sourcecode.swift; path = Utils.swift; sourceTree = "<group>"; };
		F54B3C522C384B7600171A6F /* ContentView.swift */ = {isa = PBXFileReference; lastKnownFileType = sourcecode.swift; path = ContentView.swift; sourceTree = "<group>"; };
		F54B3C542C386A9D00171A6F /* WorkoutPlanFormView.swift */ = {isa = PBXFileReference; lastKnownFileType = sourcecode.swift; path = WorkoutPlanFormView.swift; sourceTree = "<group>"; };
		F54B3C572C386B3A00171A6F /* ChallengeModel.swift */ = {isa = PBXFileReference; lastKnownFileType = sourcecode.swift; path = ChallengeModel.swift; sourceTree = "<group>"; };
		F54B3C592C386C3300171A6F /* CustomExercisePlanFormView.swift */ = {isa = PBXFileReference; lastKnownFileType = sourcecode.swift; path = CustomExercisePlanFormView.swift; sourceTree = "<group>"; };
		F54B3C5B2C3870BB00171A6F /* ProfileView.swift */ = {isa = PBXFileReference; lastKnownFileType = sourcecode.swift; path = ProfileView.swift; sourceTree = "<group>"; };
		F54B3C5D2C387C7D00171A6F /* SummaryChartView.swift */ = {isa = PBXFileReference; lastKnownFileType = sourcecode.swift; path = SummaryChartView.swift; sourceTree = "<group>"; };
		F54D32FA2C402D7000B1A6B3 /* SetDetailsViewModel.swift */ = {isa = PBXFileReference; lastKnownFileType = sourcecode.swift; path = SetDetailsViewModel.swift; sourceTree = "<group>"; };
		F54D32FC2C40348A00B1A6B3 /* HTTPClient.swift */ = {isa = PBXFileReference; lastKnownFileType = sourcecode.swift; path = HTTPClient.swift; sourceTree = "<group>"; };
		F54D32FE2C416FF000B1A6B3 /* ChallengeFormViewModel.swift */ = {isa = PBXFileReference; lastKnownFileType = sourcecode.swift; path = ChallengeFormViewModel.swift; sourceTree = "<group>"; };
		F552225E2C36CD5E0057C0E5 /* Swety.app */ = {isa = PBXFileReference; explicitFileType = wrapper.application; includeInIndex = 0; path = Swety.app; sourceTree = BUILT_PRODUCTS_DIR; };
		F55222612C36CD5E0057C0E5 /* SwetyApp.swift */ = {isa = PBXFileReference; lastKnownFileType = sourcecode.swift; path = SwetyApp.swift; sourceTree = "<group>"; };
		F55222632C36CD5E0057C0E5 /* HomeView.swift */ = {isa = PBXFileReference; lastKnownFileType = sourcecode.swift; path = HomeView.swift; sourceTree = "<group>"; };
		F55222652C36CD5F0057C0E5 /* Assets.xcassets */ = {isa = PBXFileReference; lastKnownFileType = folder.assetcatalog; path = Assets.xcassets; sourceTree = "<group>"; };
		F55222682C36CD5F0057C0E5 /* Preview Assets.xcassets */ = {isa = PBXFileReference; lastKnownFileType = folder.assetcatalog; path = "Preview Assets.xcassets"; sourceTree = "<group>"; };
		F587500F2C3EF3A6005A54C5 /* WorkoutPlanFormViewModel.swift */ = {isa = PBXFileReference; lastKnownFileType = sourcecode.swift; path = WorkoutPlanFormViewModel.swift; sourceTree = "<group>"; };
		F58750112C3EFCAC005A54C5 /* CustomExercisePlanFormViewModel.swift */ = {isa = PBXFileReference; lastKnownFileType = sourcecode.swift; path = CustomExercisePlanFormViewModel.swift; sourceTree = "<group>"; };
		F59F2DD72C488E7800EF8707 /* Extensions.swift */ = {isa = PBXFileReference; lastKnownFileType = sourcecode.swift; path = Extensions.swift; sourceTree = "<group>"; };
		F5AB96F42C49904800C5576D /* AuthModel.swift */ = {isa = PBXFileReference; lastKnownFileType = sourcecode.swift; path = AuthModel.swift; sourceTree = "<group>"; };
		F5B5714B2C36D43500062087 /* WorkoutPlanView.swift */ = {isa = PBXFileReference; lastKnownFileType = sourcecode.swift; path = WorkoutPlanView.swift; sourceTree = "<group>"; };
		F5B5714D2C36E90400062087 /* ExercisePlanView.swift */ = {isa = PBXFileReference; lastKnownFileType = sourcecode.swift; path = ExercisePlanView.swift; sourceTree = "<group>"; };
		F5CF480A2C4D78E900999E09 /* ExercisePlansView.swift */ = {isa = PBXFileReference; lastKnownFileType = sourcecode.swift; path = ExercisePlansView.swift; sourceTree = "<group>"; };
		F5D4A4052C3962E200E880A7 /* ChallengesView.swift */ = {isa = PBXFileReference; lastKnownFileType = sourcecode.swift; path = ChallengesView.swift; sourceTree = "<group>"; };
		F5D4A4072C396CCC00E880A7 /* ChallengeFormView.swift */ = {isa = PBXFileReference; lastKnownFileType = sourcecode.swift; path = ChallengeFormView.swift; sourceTree = "<group>"; };
		F5D4A40A2C398C0F00E880A7 /* WorkoutModel.swift */ = {isa = PBXFileReference; lastKnownFileType = sourcecode.swift; path = WorkoutModel.swift; sourceTree = "<group>"; };
		F5D4A40E2C398C6E00E880A7 /* ExerciseModel.swift */ = {isa = PBXFileReference; lastKnownFileType = sourcecode.swift; path = ExerciseModel.swift; sourceTree = "<group>"; };
		F5D4A4112C398C9D00E880A7 /* ProfileModel.swift */ = {isa = PBXFileReference; lastKnownFileType = sourcecode.swift; path = ProfileModel.swift; sourceTree = "<group>"; };
		F5D91C172C3CE70F004356BC /* AuthView.swift */ = {isa = PBXFileReference; lastKnownFileType = sourcecode.swift; path = AuthView.swift; sourceTree = "<group>"; };
		F5D91C1C2C3CF144004356BC /* SignUpView.swift */ = {isa = PBXFileReference; lastKnownFileType = sourcecode.swift; path = SignUpView.swift; sourceTree = "<group>"; };
		F5FAE1EF2C3F0DE800DC362A /* SetDetailsView.swift */ = {isa = PBXFileReference; lastKnownFileType = sourcecode.swift; path = SetDetailsView.swift; sourceTree = "<group>"; };
		F5FAE1F12C3F5D5C00DC362A /* WorkoutPlansViewModel.swift */ = {isa = PBXFileReference; lastKnownFileType = sourcecode.swift; path = WorkoutPlansViewModel.swift; sourceTree = "<group>"; };
/* End PBXFileReference section */

/* Begin PBXFrameworksBuildPhase section */
		F552225B2C36CD5E0057C0E5 /* Frameworks */ = {
			isa = PBXFrameworksBuildPhase;
			buildActionMask = 2147483647;
			files = (
			);
			runOnlyForDeploymentPostprocessing = 0;
		};
/* End PBXFrameworksBuildPhase section */

/* Begin PBXGroup section */
		F50097802C3DA58B00D799C4 /* Utils */ = {
			isa = PBXGroup;
			children = (
				F50097782C3D701D00D799C4 /* Debounce.swift */,
				F5482CD42C3EC21900BA2513 /* Utils.swift */,
				F54D32FC2C40348A00B1A6B3 /* HTTPClient.swift */,
				F59F2DD72C488E7800EF8707 /* Extensions.swift */,
			);
			path = Utils;
			sourceTree = "<group>";
		};
		F53B94E72C3E2BE900C79FAB /* CommonViews */ = {
			isa = PBXGroup;
			children = (
				F53B94E82C3E2C3400C79FAB /* LabeledTextFieldView.swift */,
				F53B94EA2C3E2C6200C79FAB /* LoadingButtonView.swift */,
				F5FAE1EF2C3F0DE800DC362A /* SetDetailsView.swift */,
				F54D32FA2C402D7000B1A6B3 /* SetDetailsViewModel.swift */,
				F53E84892C3F89EB0038F82A /* LoaderView.swift */,
				F50D80F92C429EBB0061366E /* ErrorView.swift */,
			);
			path = CommonViews;
			sourceTree = "<group>";
		};
		F55222552C36CD5E0057C0E5 = {
			isa = PBXGroup;
			children = (
				F55222602C36CD5E0057C0E5 /* Swety */,
				F552225F2C36CD5E0057C0E5 /* Products */,
			);
			sourceTree = "<group>";
		};
		F552225F2C36CD5E0057C0E5 /* Products */ = {
			isa = PBXGroup;
			children = (
				F552225E2C36CD5E0057C0E5 /* Swety.app */,
			);
			name = Products;
			sourceTree = "<group>";
		};
		F55222602C36CD5E0057C0E5 /* Swety */ = {
			isa = PBXGroup;
			children = (
				F50097772C3D5ADB00D799C4 /* Swety.entitlements */,
				F55222652C36CD5F0057C0E5 /* Assets.xcassets */,
				F55222612C36CD5E0057C0E5 /* SwetyApp.swift */,
				F54B3C522C384B7600171A6F /* ContentView.swift */,
				F50097802C3DA58B00D799C4 /* Utils */,
				F53B94E72C3E2BE900C79FAB /* CommonViews */,
				F5D91C192C3CF0F8004356BC /* Auth */,
				F5D91C222C3CF660004356BC /* Home */,
				F5D4A4092C398BF700E880A7 /* Workout */,
				F5D4A40D2C398C5200E880A7 /* Exercise */,
				F5D4A4132C398CAD00E880A7 /* Challenge */,
				F5D4A4102C398C8200E880A7 /* Profile */,
				F55222672C36CD5F0057C0E5 /* Preview Content */,
			);
			path = Swety;
			sourceTree = "<group>";
		};
		F55222672C36CD5F0057C0E5 /* Preview Content */ = {
			isa = PBXGroup;
			children = (
				F55222682C36CD5F0057C0E5 /* Preview Assets.xcassets */,
			);
			path = "Preview Content";
			sourceTree = "<group>";
		};
		F5D4A4092C398BF700E880A7 /* Workout */ = {
			isa = PBXGroup;
			children = (
				F5B5714B2C36D43500062087 /* WorkoutPlanView.swift */,
				53A28C942C38500A00530B5F /* WorkoutPlansView.swift */,
				F5FAE1F12C3F5D5C00DC362A /* WorkoutPlansViewModel.swift */,
				F54B3C542C386A9D00171A6F /* WorkoutPlanFormView.swift */,
				F587500F2C3EF3A6005A54C5 /* WorkoutPlanFormViewModel.swift */,
				53EB00192C3C6859001E7C15 /* WorkoutStartedView.swift */,
				5320AA422C4594E20047A40F /* WorkoutStartedViewModel.swift */,
				F5D4A40A2C398C0F00E880A7 /* WorkoutModel.swift */,
			);
			path = Workout;
			sourceTree = "<group>";
		};
		F5D4A40D2C398C5200E880A7 /* Exercise */ = {
			isa = PBXGroup;
			children = (
				F5B5714D2C36E90400062087 /* ExercisePlanView.swift */,
				F5CF480A2C4D78E900999E09 /* ExercisePlansView.swift */,
				F54B3C592C386C3300171A6F /* CustomExercisePlanFormView.swift */,
				F58750112C3EFCAC005A54C5 /* CustomExercisePlanFormViewModel.swift */,
				F5D4A40E2C398C6E00E880A7 /* ExerciseModel.swift */,
			);
			path = Exercise;
			sourceTree = "<group>";
		};
		F5D4A4102C398C8200E880A7 /* Profile */ = {
			isa = PBXGroup;
			children = (
				F54B3C5B2C3870BB00171A6F /* ProfileView.swift */,
				F53B94E52C3E152800C79FAB /* ProfileViewModel.swift */,
				F54B3C5D2C387C7D00171A6F /* SummaryChartView.swift */,
				F5D4A4112C398C9D00E880A7 /* ProfileModel.swift */,
			);
			path = Profile;
			sourceTree = "<group>";
		};
		F5D4A4132C398CAD00E880A7 /* Challenge */ = {
			isa = PBXGroup;
			children = (
				F5379E4B2C3993F20054E7A8 /* ChallengeView.swift */,
				F5D4A4052C3962E200E880A7 /* ChallengesView.swift */,
				F50D80F72C429AD90061366E /* ChallengesViewModel.swift */,
				F5D4A4072C396CCC00E880A7 /* ChallengeFormView.swift */,
				F54D32FE2C416FF000B1A6B3 /* ChallengeFormViewModel.swift */,
				F54B3C572C386B3A00171A6F /* ChallengeModel.swift */,
			);
			path = Challenge;
			sourceTree = "<group>";
		};
		F5D91C192C3CF0F8004356BC /* Auth */ = {
			isa = PBXGroup;
			children = (
				F50097752C3D575D00D799C4 /* AuthState.swift */,
				F5D91C172C3CE70F004356BC /* AuthView.swift */,
				F50097732C3D56C600D799C4 /* AuthViewModel.swift */,
				F5D91C1C2C3CF144004356BC /* SignUpView.swift */,
				F500977C2C3D7AC300D799C4 /* SignUpViewModel.swift */,
				F5AB96F42C49904800C5576D /* AuthModel.swift */,
			);
			path = Auth;
			sourceTree = "<group>";
		};
		F5D91C222C3CF660004356BC /* Home */ = {
			isa = PBXGroup;
			children = (
				F55222632C36CD5E0057C0E5 /* HomeView.swift */,
			);
			path = Home;
			sourceTree = "<group>";
		};
/* End PBXGroup section */

/* Begin PBXNativeTarget section */
		F552225D2C36CD5E0057C0E5 /* Swety */ = {
			isa = PBXNativeTarget;
			buildConfigurationList = F552226C2C36CD5F0057C0E5 /* Build configuration list for PBXNativeTarget "Swety" */;
			buildPhases = (
				F552225A2C36CD5E0057C0E5 /* Sources */,
				F552225B2C36CD5E0057C0E5 /* Frameworks */,
				F552225C2C36CD5E0057C0E5 /* Resources */,
			);
			buildRules = (
			);
			dependencies = (
			);
			name = Swety;
			packageProductDependencies = (
			);
			productName = Gym.io;
			productReference = F552225E2C36CD5E0057C0E5 /* Swety.app */;
			productType = "com.apple.product-type.application";
		};
/* End PBXNativeTarget section */

/* Begin PBXProject section */
		F55222562C36CD5E0057C0E5 /* Project object */ = {
			isa = PBXProject;
			attributes = {
				BuildIndependentTargetsInParallel = 1;
				LastSwiftUpdateCheck = 1540;
				LastUpgradeCheck = 1540;
				TargetAttributes = {
					F552225D2C36CD5E0057C0E5 = {
						CreatedOnToolsVersion = 15.4;
					};
				};
			};
			buildConfigurationList = F55222592C36CD5E0057C0E5 /* Build configuration list for PBXProject "Swety" */;
			compatibilityVersion = "Xcode 14.0";
			developmentRegion = en;
			hasScannedForEncodings = 0;
			knownRegions = (
				en,
				Base,
			);
			mainGroup = F55222552C36CD5E0057C0E5;
			packageReferences = (
			);
			productRefGroup = F552225F2C36CD5E0057C0E5 /* Products */;
			projectDirPath = "";
			projectRoot = "";
			targets = (
				F552225D2C36CD5E0057C0E5 /* Swety */,
			);
		};
/* End PBXProject section */

/* Begin PBXResourcesBuildPhase section */
		F552225C2C36CD5E0057C0E5 /* Resources */ = {
			isa = PBXResourcesBuildPhase;
			buildActionMask = 2147483647;
			files = (
				F55222692C36CD5F0057C0E5 /* Preview Assets.xcassets in Resources */,
				F55222662C36CD5F0057C0E5 /* Assets.xcassets in Resources */,
			);
			runOnlyForDeploymentPostprocessing = 0;
		};
/* End PBXResourcesBuildPhase section */

/* Begin PBXSourcesBuildPhase section */
		F552225A2C36CD5E0057C0E5 /* Sources */ = {
			isa = PBXSourcesBuildPhase;
			buildActionMask = 2147483647;
			files = (
				F5D4A4062C3962E200E880A7 /* ChallengesView.swift in Sources */,
				F5AB96F52C49904800C5576D /* AuthModel.swift in Sources */,
				F5B5714E2C36E90400062087 /* ExercisePlanView.swift in Sources */,
				F54B3C532C384B7600171A6F /* ContentView.swift in Sources */,
				F5D4A40B2C398C0F00E880A7 /* WorkoutModel.swift in Sources */,
				F5D4A40F2C398C6E00E880A7 /* ExerciseModel.swift in Sources */,
				F54D32FF2C416FF000B1A6B3 /* ChallengeFormViewModel.swift in Sources */,
				F5379E4C2C3993F20054E7A8 /* ChallengeView.swift in Sources */,
				53EB001A2C3C6859001E7C15 /* WorkoutStartedView.swift in Sources */,
				F54B3C5C2C3870BB00171A6F /* ProfileView.swift in Sources */,
				F58750102C3EF3A6005A54C5 /* WorkoutPlanFormViewModel.swift in Sources */,
				F53B94EB2C3E2C6200C79FAB /* LoadingButtonView.swift in Sources */,
				F5D4A4082C396CCC00E880A7 /* ChallengeFormView.swift in Sources */,
				F50097792C3D701D00D799C4 /* Debounce.swift in Sources */,
				F53B94E62C3E152800C79FAB /* ProfileViewModel.swift in Sources */,
				5320AA432C4594E20047A40F /* WorkoutStartedViewModel.swift in Sources */,
				F54B3C5A2C386C3300171A6F /* CustomExercisePlanFormView.swift in Sources */,
				F54D32FD2C40348A00B1A6B3 /* HTTPClient.swift in Sources */,
				F5D91C1D2C3CF144004356BC /* SignUpView.swift in Sources */,
				F50D80F82C429AD90061366E /* ChallengesViewModel.swift in Sources */,
				F54B3C5E2C387C7D00171A6F /* SummaryChartView.swift in Sources */,
				F54B3C552C386A9D00171A6F /* WorkoutPlanFormView.swift in Sources */,
				F500977D2C3D7AC300D799C4 /* SignUpViewModel.swift in Sources */,
				F54B3C582C386B3A00171A6F /* ChallengeModel.swift in Sources */,
				F59F2DD82C488E7800EF8707 /* Extensions.swift in Sources */,
				53A28C952C38500A00530B5F /* WorkoutPlansView.swift in Sources */,
				F55222642C36CD5E0057C0E5 /* HomeView.swift in Sources */,
				F5B5714C2C36D43500062087 /* WorkoutPlanView.swift in Sources */,
				F5FAE1F22C3F5D5C00DC362A /* WorkoutPlansViewModel.swift in Sources */,
				F5D91C182C3CE70F004356BC /* AuthView.swift in Sources */,
				F58750122C3EFCAC005A54C5 /* CustomExercisePlanFormViewModel.swift in Sources */,
				F55222622C36CD5E0057C0E5 /* SwetyApp.swift in Sources */,
				F53B94E92C3E2C3400C79FAB /* LabeledTextFieldView.swift in Sources */,
				F50097762C3D575D00D799C4 /* AuthState.swift in Sources */,
				F54D32FB2C402D7000B1A6B3 /* SetDetailsViewModel.swift in Sources */,
				F5CF480B2C4D78E900999E09 /* ExercisePlansView.swift in Sources */,
				F5FAE1F02C3F0DE800DC362A /* SetDetailsView.swift in Sources */,
				F5D4A4122C398C9D00E880A7 /* ProfileModel.swift in Sources */,
				F53E848A2C3F89EB0038F82A /* LoaderView.swift in Sources */,
				F50097742C3D56C600D799C4 /* AuthViewModel.swift in Sources */,
				F50D80FA2C429EBB0061366E /* ErrorView.swift in Sources */,
				F5482CD52C3EC21900BA2513 /* Utils.swift in Sources */,
			);
			runOnlyForDeploymentPostprocessing = 0;
		};
/* End PBXSourcesBuildPhase section */

/* Begin XCBuildConfiguration section */
		F552226A2C36CD5F0057C0E5 /* Debug */ = {
			isa = XCBuildConfiguration;
			buildSettings = {
				ALWAYS_SEARCH_USER_PATHS = NO;
				ASSETCATALOG_COMPILER_GENERATE_SWIFT_ASSET_SYMBOL_EXTENSIONS = YES;
				CLANG_ANALYZER_NONNULL = YES;
				CLANG_ANALYZER_NUMBER_OBJECT_CONVERSION = YES_AGGRESSIVE;
				CLANG_CXX_LANGUAGE_STANDARD = "gnu++20";
				CLANG_ENABLE_MODULES = YES;
				CLANG_ENABLE_OBJC_ARC = YES;
				CLANG_ENABLE_OBJC_WEAK = YES;
				CLANG_WARN_BLOCK_CAPTURE_AUTORELEASING = YES;
				CLANG_WARN_BOOL_CONVERSION = YES;
				CLANG_WARN_COMMA = YES;
				CLANG_WARN_CONSTANT_CONVERSION = YES;
				CLANG_WARN_DEPRECATED_OBJC_IMPLEMENTATIONS = YES;
				CLANG_WARN_DIRECT_OBJC_ISA_USAGE = YES_ERROR;
				CLANG_WARN_DOCUMENTATION_COMMENTS = YES;
				CLANG_WARN_EMPTY_BODY = YES;
				CLANG_WARN_ENUM_CONVERSION = YES;
				CLANG_WARN_INFINITE_RECURSION = YES;
				CLANG_WARN_INT_CONVERSION = YES;
				CLANG_WARN_NON_LITERAL_NULL_CONVERSION = YES;
				CLANG_WARN_OBJC_IMPLICIT_RETAIN_SELF = YES;
				CLANG_WARN_OBJC_LITERAL_CONVERSION = YES;
				CLANG_WARN_OBJC_ROOT_CLASS = YES_ERROR;
				CLANG_WARN_QUOTED_INCLUDE_IN_FRAMEWORK_HEADER = YES;
				CLANG_WARN_RANGE_LOOP_ANALYSIS = YES;
				CLANG_WARN_STRICT_PROTOTYPES = YES;
				CLANG_WARN_SUSPICIOUS_MOVE = YES;
				CLANG_WARN_UNGUARDED_AVAILABILITY = YES_AGGRESSIVE;
				CLANG_WARN_UNREACHABLE_CODE = YES;
				CLANG_WARN__DUPLICATE_METHOD_MATCH = YES;
				COPY_PHASE_STRIP = NO;
				DEBUG_INFORMATION_FORMAT = dwarf;
				ENABLE_STRICT_OBJC_MSGSEND = YES;
				ENABLE_TESTABILITY = YES;
				ENABLE_USER_SCRIPT_SANDBOXING = YES;
				GCC_C_LANGUAGE_STANDARD = gnu17;
				GCC_DYNAMIC_NO_PIC = NO;
				GCC_NO_COMMON_BLOCKS = YES;
				GCC_OPTIMIZATION_LEVEL = 0;
				GCC_PREPROCESSOR_DEFINITIONS = (
					"DEBUG=1",
					"$(inherited)",
				);
				GCC_WARN_64_TO_32_BIT_CONVERSION = YES;
				GCC_WARN_ABOUT_RETURN_TYPE = YES_ERROR;
				GCC_WARN_UNDECLARED_SELECTOR = YES;
				GCC_WARN_UNINITIALIZED_AUTOS = YES_AGGRESSIVE;
				GCC_WARN_UNUSED_FUNCTION = YES;
				GCC_WARN_UNUSED_VARIABLE = YES;
				IPHONEOS_DEPLOYMENT_TARGET = 17.5;
				LOCALIZATION_PREFERS_STRING_CATALOGS = YES;
				MTL_ENABLE_DEBUG_INFO = INCLUDE_SOURCE;
				MTL_FAST_MATH = YES;
				ONLY_ACTIVE_ARCH = YES;
				SDKROOT = iphoneos;
				SWIFT_ACTIVE_COMPILATION_CONDITIONS = "DEBUG $(inherited)";
				SWIFT_OPTIMIZATION_LEVEL = "-Onone";
			};
			name = Debug;
		};
		F552226B2C36CD5F0057C0E5 /* Release */ = {
			isa = XCBuildConfiguration;
			buildSettings = {
				ALWAYS_SEARCH_USER_PATHS = NO;
				ASSETCATALOG_COMPILER_GENERATE_SWIFT_ASSET_SYMBOL_EXTENSIONS = YES;
				CLANG_ANALYZER_NONNULL = YES;
				CLANG_ANALYZER_NUMBER_OBJECT_CONVERSION = YES_AGGRESSIVE;
				CLANG_CXX_LANGUAGE_STANDARD = "gnu++20";
				CLANG_ENABLE_MODULES = YES;
				CLANG_ENABLE_OBJC_ARC = YES;
				CLANG_ENABLE_OBJC_WEAK = YES;
				CLANG_WARN_BLOCK_CAPTURE_AUTORELEASING = YES;
				CLANG_WARN_BOOL_CONVERSION = YES;
				CLANG_WARN_COMMA = YES;
				CLANG_WARN_CONSTANT_CONVERSION = YES;
				CLANG_WARN_DEPRECATED_OBJC_IMPLEMENTATIONS = YES;
				CLANG_WARN_DIRECT_OBJC_ISA_USAGE = YES_ERROR;
				CLANG_WARN_DOCUMENTATION_COMMENTS = YES;
				CLANG_WARN_EMPTY_BODY = YES;
				CLANG_WARN_ENUM_CONVERSION = YES;
				CLANG_WARN_INFINITE_RECURSION = YES;
				CLANG_WARN_INT_CONVERSION = YES;
				CLANG_WARN_NON_LITERAL_NULL_CONVERSION = YES;
				CLANG_WARN_OBJC_IMPLICIT_RETAIN_SELF = YES;
				CLANG_WARN_OBJC_LITERAL_CONVERSION = YES;
				CLANG_WARN_OBJC_ROOT_CLASS = YES_ERROR;
				CLANG_WARN_QUOTED_INCLUDE_IN_FRAMEWORK_HEADER = YES;
				CLANG_WARN_RANGE_LOOP_ANALYSIS = YES;
				CLANG_WARN_STRICT_PROTOTYPES = YES;
				CLANG_WARN_SUSPICIOUS_MOVE = YES;
				CLANG_WARN_UNGUARDED_AVAILABILITY = YES_AGGRESSIVE;
				CLANG_WARN_UNREACHABLE_CODE = YES;
				CLANG_WARN__DUPLICATE_METHOD_MATCH = YES;
				COPY_PHASE_STRIP = NO;
				DEBUG_INFORMATION_FORMAT = "dwarf-with-dsym";
				ENABLE_NS_ASSERTIONS = NO;
				ENABLE_STRICT_OBJC_MSGSEND = YES;
				ENABLE_USER_SCRIPT_SANDBOXING = YES;
				GCC_C_LANGUAGE_STANDARD = gnu17;
				GCC_NO_COMMON_BLOCKS = YES;
				GCC_WARN_64_TO_32_BIT_CONVERSION = YES;
				GCC_WARN_ABOUT_RETURN_TYPE = YES_ERROR;
				GCC_WARN_UNDECLARED_SELECTOR = YES;
				GCC_WARN_UNINITIALIZED_AUTOS = YES_AGGRESSIVE;
				GCC_WARN_UNUSED_FUNCTION = YES;
				GCC_WARN_UNUSED_VARIABLE = YES;
				IPHONEOS_DEPLOYMENT_TARGET = 17.5;
				LOCALIZATION_PREFERS_STRING_CATALOGS = YES;
				MTL_ENABLE_DEBUG_INFO = NO;
				MTL_FAST_MATH = YES;
				SDKROOT = iphoneos;
				SWIFT_COMPILATION_MODE = wholemodule;
				VALIDATE_PRODUCT = YES;
			};
			name = Release;
		};
		F552226D2C36CD5F0057C0E5 /* Debug */ = {
			isa = XCBuildConfiguration;
			buildSettings = {
				ASSETCATALOG_COMPILER_APPICON_NAME = AppIcon;
				ASSETCATALOG_COMPILER_GLOBAL_ACCENT_COLOR_NAME = AccentColor;
				CODE_SIGN_ENTITLEMENTS = Swety/Swety.entitlements;
				CODE_SIGN_STYLE = Automatic;
				CURRENT_PROJECT_VERSION = 1;
				DEVELOPMENT_ASSET_PATHS = "\"Swety/Preview Content\"";
				DEVELOPMENT_TEAM = MBM3VV5JVW;
				ENABLE_PREVIEWS = YES;
				GENERATE_INFOPLIST_FILE = YES;
				INFOPLIST_KEY_UIApplicationSceneManifest_Generation = YES;
				INFOPLIST_KEY_UIApplicationSupportsIndirectInputEvents = YES;
				INFOPLIST_KEY_UILaunchScreen_Generation = YES;
				INFOPLIST_KEY_UISupportedInterfaceOrientations_iPad = "UIInterfaceOrientationPortrait UIInterfaceOrientationPortraitUpsideDown UIInterfaceOrientationLandscapeLeft UIInterfaceOrientationLandscapeRight";
				INFOPLIST_KEY_UISupportedInterfaceOrientations_iPhone = "UIInterfaceOrientationPortrait UIInterfaceOrientationLandscapeLeft UIInterfaceOrientationLandscapeRight";
				IPHONEOS_DEPLOYMENT_TARGET = 17.0;
				LD_RUNPATH_SEARCH_PATHS = (
					"$(inherited)",
					"@executable_path/Frameworks",
				);
				MARKETING_VERSION = 0.1;
				PRODUCT_BUNDLE_IDENTIFIER = me.mjorge.swety;
				PRODUCT_NAME = "$(TARGET_NAME)";
				SWIFT_EMIT_LOC_STRINGS = YES;
				SWIFT_VERSION = 5.0;
				TARGETED_DEVICE_FAMILY = "1,2";
			};
			name = Debug;
		};
		F552226E2C36CD5F0057C0E5 /* Release */ = {
			isa = XCBuildConfiguration;
			buildSettings = {
				ASSETCATALOG_COMPILER_APPICON_NAME = AppIcon;
				ASSETCATALOG_COMPILER_GLOBAL_ACCENT_COLOR_NAME = AccentColor;
				CODE_SIGN_ENTITLEMENTS = Swety/Swety.entitlements;
				CODE_SIGN_STYLE = Automatic;
				CURRENT_PROJECT_VERSION = 1;
				DEVELOPMENT_ASSET_PATHS = "\"Swety/Preview Content\"";
				DEVELOPMENT_TEAM = MBM3VV5JVW;
				ENABLE_PREVIEWS = YES;
				GENERATE_INFOPLIST_FILE = YES;
				INFOPLIST_KEY_UIApplicationSceneManifest_Generation = YES;
				INFOPLIST_KEY_UIApplicationSupportsIndirectInputEvents = YES;
				INFOPLIST_KEY_UILaunchScreen_Generation = YES;
				INFOPLIST_KEY_UISupportedInterfaceOrientations_iPad = "UIInterfaceOrientationPortrait UIInterfaceOrientationPortraitUpsideDown UIInterfaceOrientationLandscapeLeft UIInterfaceOrientationLandscapeRight";
				INFOPLIST_KEY_UISupportedInterfaceOrientations_iPhone = "UIInterfaceOrientationPortrait UIInterfaceOrientationLandscapeLeft UIInterfaceOrientationLandscapeRight";
				IPHONEOS_DEPLOYMENT_TARGET = 17.0;
				LD_RUNPATH_SEARCH_PATHS = (
					"$(inherited)",
					"@executable_path/Frameworks",
				);
				MARKETING_VERSION = 0.1;
				PRODUCT_BUNDLE_IDENTIFIER = me.mjorge.swety;
				PRODUCT_NAME = "$(TARGET_NAME)";
				SWIFT_EMIT_LOC_STRINGS = YES;
				SWIFT_VERSION = 5.0;
				TARGETED_DEVICE_FAMILY = "1,2";
			};
			name = Release;
		};
/* End XCBuildConfiguration section */

/* Begin XCConfigurationList section */
		F55222592C36CD5E0057C0E5 /* Build configuration list for PBXProject "Swety" */ = {
			isa = XCConfigurationList;
			buildConfigurations = (
				F552226A2C36CD5F0057C0E5 /* Debug */,
				F552226B2C36CD5F0057C0E5 /* Release */,
			);
			defaultConfigurationIsVisible = 0;
			defaultConfigurationName = Release;
		};
		F552226C2C36CD5F0057C0E5 /* Build configuration list for PBXNativeTarget "Swety" */ = {
			isa = XCConfigurationList;
			buildConfigurations = (
				F552226D2C36CD5F0057C0E5 /* Debug */,
				F552226E2C36CD5F0057C0E5 /* Release */,
			);
			defaultConfigurationIsVisible = 0;
			defaultConfigurationName = Release;
		};
/* End XCConfigurationList section */
	};
	rootObject = F55222562C36CD5E0057C0E5 /* Project object */;
}
